
Microsoft Visual Studio Solution File, Format Version 12.00
# Visual Studio Version 17
VisualStudioVersion = 17.0.31903.59
MinimumVisualStudioVersion = 10.0.40219.1
Project("{2150E333-8FDC-42A3-9474-1A3956D46DE8}") = "Building model", "Building model", "{16E5284D-03AA-EEDC-23E7-477C9C0C3712}"
EndProject
Project("{FAE04EC0-301F-11D3-BF4B-00C04F79EFBC}") = "Ara3D.BimOpenSchema.BuildingModel", "src\Ara3D.BimOpenSchema.BuildingModel\Ara3D.BimOpenSchema.BuildingModel.csproj", "{3970AA34-E74A-422B-ADCA-618996896364}"
EndProject
Project("{FAE04EC0-301F-11D3-BF4B-00C04F79EFBC}") = "Ara3D.BimOpenSchema.BuildingModel.Tests", "tests\Ara3D.BimOpenSchema.BuildingModel.Tests\Ara3D.BimOpenSchema.BuildingModel.Tests.csproj", "{C9F84372-FA6D-41C7-AE6F-30E3735B9CF0}"
EndProject
Project("{2150E333-8FDC-42A3-9474-1A3956D46DE8}") = "Earlier generated contract", "Earlier generated contract", "{B17DBA3A-F740-0BB2-557E-5AFF2A8E16AC}"
EndProject
Project("{FAE04EC0-301F-11D3-BF4B-00C04F79EFBC}") = "Ara3D.BimOpenSchema.QueryModel.Review", "docs\proposals\bim-query-platform\contract\generated\Ara3D.BimOpenSchema.QueryModel.Review.csproj", "{ABDF48E4-E41C-4B04-8308-E66370CF52E8}"
EndProject
Project("{FAE04EC0-301F-11D3-BF4B-00C04F79EFBC}") = "RecordContract.CompileTests", "docs\proposals\bim-query-platform\contract\tests\csharp\RecordContract.CompileTests.csproj", "{9F82CAC8-ED2A-47D1-A51D-D33E257E2D08}"
EndProject
Project("{2150E333-8FDC-42A3-9474-1A3956D46DE8}") = "Workflows", "Workflows", "{218B6F35-38A8-8894-4A45-A70D6B0063B3}"
EndProject
Project("{FAE04EC0-301F-11D3-BF4B-00C04F79EFBC}") = "Ara3D.BimOpenSchema.BuildingModel.Workflows", "src\Ara3D.BimOpenSchema.BuildingModel.Workflows\Ara3D.BimOpenSchema.BuildingModel.Workflows.csproj", "{9DFD7F79-C425-47B4-87B3-C7F8DCA135CD}"
EndProject
Project("{FAE04EC0-301F-11D3-BF4B-00C04F79EFBC}") = "Ara3D.BimOpenSchema.DataModel", "src\Ara3D.BimOpenSchema.DataModel\Ara3D.BimOpenSchema.DataModel.csproj", "{504F6C9F-C0AA-4E82-9CCF-774F3BC6B4A8}"
EndProject
Project("{FAE04EC0-301F-11D3-BF4B-00C04F79EFBC}") = "Ara3D.BimOpenSchema", "src\Ara3D.BimOpenSchema\Ara3D.BimOpenSchema.csproj", "{C837768D-D1B3-4CD6-ABAD-CECE388012BB}"
EndProject
Project("{FAE04EC0-301F-11D3-BF4B-00C04F79EFBC}") = "Ara3D.BimOpenSchema.BuildingModel.Workflows.IO", "src\Ara3D.BimOpenSchema.BuildingModel.Workflows.IO\Ara3D.BimOpenSchema.BuildingModel.Workflows.IO.csproj", "{103D7ACD-4827-4EC7-89B1-B92309D9020D}"
EndProject
Project("{FAE04EC0-301F-11D3-BF4B-00C04F79EFBC}") = "Ara3D.BimOpenSchema.BuildingModel.Source", "src\Ara3D.BimOpenSchema.BuildingModel.Source\Ara3D.BimOpenSchema.BuildingModel.Source.csproj", "{CFA52D63-CEBF-44DB-8F53-053B59F91875}"
EndProject
Project("{FAE04EC0-301F-11D3-BF4B-00C04F79EFBC}") = "Ara3D.BimOpenSchema.BuildingModel.Workflows.Tests", "tests\Ara3D.BimOpenSchema.BuildingModel.Workflows.Tests\Ara3D.BimOpenSchema.BuildingModel.Workflows.Tests.csproj", "{FC2BBE80-E85E-4726-80DE-B6E4386B272E}"
EndProject
Project("{FAE04EC0-301F-11D3-BF4B-00C04F79EFBC}") = "Ara3D.BimOpenSchema.DataModel.IO", "src\Ara3D.BimOpenSchema.DataModel.IO\Ara3D.BimOpenSchema.DataModel.IO.csproj", "{59EA2F8C-7284-43B3-B6B3-521F4EEFC6F3}"
EndProject
Project("{FAE04EC0-301F-11D3-BF4B-00C04F79EFBC}") = "BuildingModel.Workflows.Cli", "tools\building-model-workflows\BuildingModel.Workflows.Cli.csproj", "{54DD1FF5-3521-47AE-99B5-656FC294591A}"
EndProject
Project("{2150E333-8FDC-42A3-9474-1A3956D46DE8}") = "src", "src", "{827E0CD3-B72D-47B6-A68D-7590B98EB39B}"
EndProject
Project("{FAE04EC0-301F-11D3-BF4B-00C04F79EFBC}") = "Ara3D.BimOpenSchema.BuildingModel.DuckDb", "src\Ara3D.BimOpenSchema.BuildingModel.DuckDb\Ara3D.BimOpenSchema.BuildingModel.DuckDb.csproj", "{80F81E14-57D2-43AE-BA2B-31011A51D01B}"
EndProject
Global
	GlobalSection(SolutionConfigurationPlatforms) = preSolution
		Debug|Any CPU = Debug|Any CPU
		Debug|x64 = Debug|x64
		Debug|x86 = Debug|x86
		Release|Any CPU = Release|Any CPU
		Release|x64 = Release|x64
		Release|x86 = Release|x86
	EndGlobalSection
	GlobalSection(ProjectConfigurationPlatforms) = postSolution
		{3970AA34-E74A-422B-ADCA-618996896364}.Debug|Any CPU.ActiveCfg = Debug|Any CPU
		{3970AA34-E74A-422B-ADCA-618996896364}.Debug|Any CPU.Build.0 = Debug|Any CPU
		{3970AA34-E74A-422B-ADCA-618996896364}.Debug|x64.ActiveCfg = Debug|Any CPU
		{3970AA34-E74A-422B-ADCA-618996896364}.Debug|x64.Build.0 = Debug|Any CPU
		{3970AA34-E74A-422B-ADCA-618996896364}.Debug|x86.ActiveCfg = Debug|Any CPU
		{3970AA34-E74A-422B-ADCA-618996896364}.Debug|x86.Build.0 = Debug|Any CPU
		{3970AA34-E74A-422B-ADCA-618996896364}.Release|Any CPU.ActiveCfg = Release|Any CPU
		{3970AA34-E74A-422B-ADCA-618996896364}.Release|Any CPU.Build.0 = Release|Any CPU
		{3970AA34-E74A-422B-ADCA-618996896364}.Release|x64.ActiveCfg = Release|Any CPU
		{3970AA34-E74A-422B-ADCA-618996896364}.Release|x64.Build.0 = Release|Any CPU
		{3970AA34-E74A-422B-ADCA-618996896364}.Release|x86.ActiveCfg = Release|Any CPU
		{3970AA34-E74A-422B-ADCA-618996896364}.Release|x86.Build.0 = Release|Any CPU
		{C9F84372-FA6D-41C7-AE6F-30E3735B9CF0}.Debug|Any CPU.ActiveCfg = Debug|Any CPU
		{C9F84372-FA6D-41C7-AE6F-30E3735B9CF0}.Debug|Any CPU.Build.0 = Debug|Any CPU
		{C9F84372-FA6D-41C7-AE6F-30E3735B9CF0}.Debug|x64.ActiveCfg = Debug|Any CPU
		{C9F84372-FA6D-41C7-AE6F-30E3735B9CF0}.Debug|x64.Build.0 = Debug|Any CPU
		{C9F84372-FA6D-41C7-AE6F-30E3735B9CF0}.Debug|x86.ActiveCfg = Debug|Any CPU
		{C9F84372-FA6D-41C7-AE6F-30E3735B9CF0}.Debug|x86.Build.0 = Debug|Any CPU
		{C9F84372-FA6D-41C7-AE6F-30E3735B9CF0}.Release|Any CPU.ActiveCfg = Release|Any CPU
		{C9F84372-FA6D-41C7-AE6F-30E3735B9CF0}.Release|Any CPU.Build.0 = Release|Any CPU
		{C9F84372-FA6D-41C7-AE6F-30E3735B9CF0}.Release|x64.ActiveCfg = Release|Any CPU
		{C9F84372-FA6D-41C7-AE6F-30E3735B9CF0}.Release|x64.Build.0 = Release|Any CPU
		{C9F84372-FA6D-41C7-AE6F-30E3735B9CF0}.Release|x86.ActiveCfg = Release|Any CPU
		{C9F84372-FA6D-41C7-AE6F-30E3735B9CF0}.Release|x86.Build.0 = Release|Any CPU
		{ABDF48E4-E41C-4B04-8308-E66370CF52E8}.Debug|Any CPU.ActiveCfg = Debug|Any CPU
		{ABDF48E4-E41C-4B04-8308-E66370CF52E8}.Debug|Any CPU.Build.0 = Debug|Any CPU
		{ABDF48E4-E41C-4B04-8308-E66370CF52E8}.Debug|x64.ActiveCfg = Debug|Any CPU
		{ABDF48E4-E41C-4B04-8308-E66370CF52E8}.Debug|x64.Build.0 = Debug|Any CPU
		{ABDF48E4-E41C-4B04-8308-E66370CF52E8}.Debug|x86.ActiveCfg = Debug|Any CPU
		{ABDF48E4-E41C-4B04-8308-E66370CF52E8}.Debug|x86.Build.0 = Debug|Any CPU
		{ABDF48E4-E41C-4B04-8308-E66370CF52E8}.Release|Any CPU.ActiveCfg = Release|Any CPU
		{ABDF48E4-E41C-4B04-8308-E66370CF52E8}.Release|Any CPU.Build.0 = Release|Any CPU
		{ABDF48E4-E41C-4B04-8308-E66370CF52E8}.Release|x64.ActiveCfg = Release|Any CPU
		{ABDF48E4-E41C-4B04-8308-E66370CF52E8}.Release|x64.Build.0 = Release|Any CPU
		{ABDF48E4-E41C-4B04-8308-E66370CF52E8}.Release|x86.ActiveCfg = Release|Any CPU
		{ABDF48E4-E41C-4B04-8308-E66370CF52E8}.Release|x86.Build.0 = Release|Any CPU
		{9F82CAC8-ED2A-47D1-A51D-D33E257E2D08}.Debug|Any CPU.ActiveCfg = Debug|Any CPU
		{9F82CAC8-ED2A-47D1-A51D-D33E257E2D08}.Debug|Any CPU.Build.0 = Debug|Any CPU
		{9F82CAC8-ED2A-47D1-A51D-D33E257E2D08}.Debug|x64.ActiveCfg = Debug|Any CPU
		{9F82CAC8-ED2A-47D1-A51D-D33E257E2D08}.Debug|x64.Build.0 = Debug|Any CPU
		{9F82CAC8-ED2A-47D1-A51D-D33E257E2D08}.Debug|x86.ActiveCfg = Debug|Any CPU
		{9F82CAC8-ED2A-47D1-A51D-D33E257E2D08}.Debug|x86.Build.0 = Debug|Any CPU
		{9F82CAC8-ED2A-47D1-A51D-D33E257E2D08}.Release|Any CPU.ActiveCfg = Release|Any CPU
		{9F82CAC8-ED2A-47D1-A51D-D33E257E2D08}.Release|Any CPU.Build.0 = Release|Any CPU
		{9F82CAC8-ED2A-47D1-A51D-D33E257E2D08}.Release|x64.ActiveCfg = Release|Any CPU
		{9F82CAC8-ED2A-47D1-A51D-D33E257E2D08}.Release|x64.Build.0 = Release|Any CPU
		{9F82CAC8-ED2A-47D1-A51D-D33E257E2D08}.Release|x86.ActiveCfg = Release|Any CPU
		{9F82CAC8-ED2A-47D1-A51D-D33E257E2D08}.Release|x86.Build.0 = Release|Any CPU
		{9DFD7F79-C425-47B4-87B3-C7F8DCA135CD}.Debug|Any CPU.ActiveCfg = Debug|Any CPU
		{9DFD7F79-C425-47B4-87B3-C7F8DCA135CD}.Debug|Any CPU.Build.0 = Debug|Any CPU
		{9DFD7F79-C425-47B4-87B3-C7F8DCA135CD}.Debug|x64.ActiveCfg = Debug|Any CPU
		{9DFD7F79-C425-47B4-87B3-C7F8DCA135CD}.Debug|x64.Build.0 = Debug|Any CPU
		{9DFD7F79-C425-47B4-87B3-C7F8DCA135CD}.Debug|x86.ActiveCfg = Debug|Any CPU
		{9DFD7F79-C425-47B4-87B3-C7F8DCA135CD}.Debug|x86.Build.0 = Debug|Any CPU
		{9DFD7F79-C425-47B4-87B3-C7F8DCA135CD}.Release|Any CPU.ActiveCfg = Release|Any CPU
		{9DFD7F79-C425-47B4-87B3-C7F8DCA135CD}.Release|Any CPU.Build.0 = Release|Any CPU
		{9DFD7F79-C425-47B4-87B3-C7F8DCA135CD}.Release|x64.ActiveCfg = Release|Any CPU
		{9DFD7F79-C425-47B4-87B3-C7F8DCA135CD}.Release|x64.Build.0 = Release|Any CPU
		{9DFD7F79-C425-47B4-87B3-C7F8DCA135CD}.Release|x86.ActiveCfg = Release|Any CPU
		{9DFD7F79-C425-47B4-87B3-C7F8DCA135CD}.Release|x86.Build.0 = Release|Any CPU
		{504F6C9F-C0AA-4E82-9CCF-774F3BC6B4A8}.Debug|Any CPU.ActiveCfg = Debug|Any CPU
		{504F6C9F-C0AA-4E82-9CCF-774F3BC6B4A8}.Debug|Any CPU.Build.0 = Debug|Any CPU
		{504F6C9F-C0AA-4E82-9CCF-774F3BC6B4A8}.Debug|x64.ActiveCfg = Debug|Any CPU
		{504F6C9F-C0AA-4E82-9CCF-774F3BC6B4A8}.Debug|x64.Build.0 = Debug|Any CPU
		{504F6C9F-C0AA-4E82-9CCF-774F3BC6B4A8}.Debug|x86.ActiveCfg = Debug|Any CPU
		{504F6C9F-C0AA-4E82-9CCF-774F3BC6B4A8}.Debug|x86.Build.0 = Debug|Any CPU
		{504F6C9F-C0AA-4E82-9CCF-774F3BC6B4A8}.Release|Any CPU.ActiveCfg = Release|Any CPU
		{504F6C9F-C0AA-4E82-9CCF-774F3BC6B4A8}.Release|Any CPU.Build.0 = Release|Any CPU
		{504F6C9F-C0AA-4E82-9CCF-774F3BC6B4A8}.Release|x64.ActiveCfg = Release|Any CPU
		{504F6C9F-C0AA-4E82-9CCF-774F3BC6B4A8}.Release|x64.Build.0 = Release|Any CPU
		{504F6C9F-C0AA-4E82-9CCF-774F3BC6B4A8}.Release|x86.ActiveCfg = Release|Any CPU
		{504F6C9F-C0AA-4E82-9CCF-774F3BC6B4A8}.Release|x86.Build.0 = Release|Any CPU
		{C837768D-D1B3-4CD6-ABAD-CECE388012BB}.Debug|Any CPU.ActiveCfg = Debug|Any CPU
		{C837768D-D1B3-4CD6-ABAD-CECE388012BB}.Debug|Any CPU.Build.0 = Debug|Any CPU
		{C837768D-D1B3-4CD6-ABAD-CECE388012BB}.Debug|x64.ActiveCfg = Debug|Any CPU
		{C837768D-D1B3-4CD6-ABAD-CECE388012BB}.Debug|x64.Build.0 = Debug|Any CPU
		{C837768D-D1B3-4CD6-ABAD-CECE388012BB}.Debug|x86.ActiveCfg = Debug|Any CPU
		{C837768D-D1B3-4CD6-ABAD-CECE388012BB}.Debug|x86.Build.0 = Debug|Any CPU
		{C837768D-D1B3-4CD6-ABAD-CECE388012BB}.Release|Any CPU.ActiveCfg = Release|Any CPU
		{C837768D-D1B3-4CD6-ABAD-CECE388012BB}.Release|Any CPU.Build.0 = Release|Any CPU
		{C837768D-D1B3-4CD6-ABAD-CECE388012BB}.Release|x64.ActiveCfg = Release|Any CPU
		{C837768D-D1B3-4CD6-ABAD-CECE388012BB}.Release|x64.Build.0 = Release|Any CPU
		{C837768D-D1B3-4CD6-ABAD-CECE388012BB}.Release|x86.ActiveCfg = Release|Any CPU
		{C837768D-D1B3-4CD6-ABAD-CECE388012BB}.Release|x86.Build.0 = Release|Any CPU
		{103D7ACD-4827-4EC7-89B1-B92309D9020D}.Debug|Any CPU.ActiveCfg = Debug|Any CPU
		{103D7ACD-4827-4EC7-89B1-B92309D9020D}.Debug|Any CPU.Build.0 = Debug|Any CPU
		{103D7ACD-4827-4EC7-89B1-B92309D9020D}.Debug|x64.ActiveCfg = Debug|Any CPU
		{103D7ACD-4827-4EC7-89B1-B92309D9020D}.Debug|x64.Build.0 = Debug|Any CPU
		{103D7ACD-4827-4EC7-89B1-B92309D9020D}.Debug|x86.ActiveCfg = Debug|Any CPU
		{103D7ACD-4827-4EC7-89B1-B92309D9020D}.Debug|x86.Build.0 = Debug|Any CPU
		{103D7ACD-4827-4EC7-89B1-B92309D9020D}.Release|Any CPU.ActiveCfg = Release|Any CPU
		{103D7ACD-4827-4EC7-89B1-B92309D9020D}.Release|Any CPU.Build.0 = Release|Any CPU
		{103D7ACD-4827-4EC7-89B1-B92309D9020D}.Release|x64.ActiveCfg = Release|Any CPU
		{103D7ACD-4827-4EC7-89B1-B92309D9020D}.Release|x64.Build.0 = Release|Any CPU
		{103D7ACD-4827-4EC7-89B1-B92309D9020D}.Release|x86.ActiveCfg = Release|Any CPU
		{103D7ACD-4827-4EC7-89B1-B92309D9020D}.Release|x86.Build.0 = Release|Any CPU
		{CFA52D63-CEBF-44DB-8F53-053B59F91875}.Debug|Any CPU.ActiveCfg = Debug|Any CPU
		{CFA52D63-CEBF-44DB-8F53-053B59F91875}.Debug|Any CPU.Build.0 = Debug|Any CPU
		{CFA52D63-CEBF-44DB-8F53-053B59F91875}.Debug|x64.ActiveCfg = Debug|Any CPU
		{CFA52D63-CEBF-44DB-8F53-053B59F91875}.Debug|x64.Build.0 = Debug|Any CPU
		{CFA52D63-CEBF-44DB-8F53-053B59F91875}.Debug|x86.ActiveCfg = Debug|Any CPU
		{CFA52D63-CEBF-44DB-8F53-053B59F91875}.Debug|x86.Build.0 = Debug|Any CPU
		{CFA52D63-CEBF-44DB-8F53-053B59F91875}.Release|Any CPU.ActiveCfg = Release|Any CPU
		{CFA52D63-CEBF-44DB-8F53-053B59F91875}.Release|Any CPU.Build.0 = Release|Any CPU
		{CFA52D63-CEBF-44DB-8F53-053B59F91875}.Release|x64.ActiveCfg = Release|Any CPU
		{CFA52D63-CEBF-44DB-8F53-053B59F91875}.Release|x64.Build.0 = Release|Any CPU
		{CFA52D63-CEBF-44DB-8F53-053B59F91875}.Release|x86.ActiveCfg = Release|Any CPU
		{CFA52D63-CEBF-44DB-8F53-053B59F91875}.Release|x86.Build.0 = Release|Any CPU
		{FC2BBE80-E85E-4726-80DE-B6E4386B272E}.Debug|Any CPU.ActiveCfg = Debug|Any CPU
		{FC2BBE80-E85E-4726-80DE-B6E4386B272E}.Debug|Any CPU.Build.0 = Debug|Any CPU
		{FC2BBE80-E85E-4726-80DE-B6E4386B272E}.Debug|x64.ActiveCfg = Debug|Any CPU
		{FC2BBE80-E85E-4726-80DE-B6E4386B272E}.Debug|x64.Build.0 = Debug|Any CPU
		{FC2BBE80-E85E-4726-80DE-B6E4386B272E}.Debug|x86.ActiveCfg = Debug|Any CPU
		{FC2BBE80-E85E-4726-80DE-B6E4386B272E}.Debug|x86.Build.0 = Debug|Any CPU
		{FC2BBE80-E85E-4726-80DE-B6E4386B272E}.Release|Any CPU.ActiveCfg = Release|Any CPU
		{FC2BBE80-E85E-4726-80DE-B6E4386B272E}.Release|Any CPU.Build.0 = Release|Any CPU
		{FC2BBE80-E85E-4726-80DE-B6E4386B272E}.Release|x64.ActiveCfg = Release|Any CPU
		{FC2BBE80-E85E-4726-80DE-B6E4386B272E}.Release|x64.Build.0 = Release|Any CPU
		{FC2BBE80-E85E-4726-80DE-B6E4386B272E}.Release|x86.ActiveCfg = Release|Any CPU
		{FC2BBE80-E85E-4726-80DE-B6E4386B272E}.Release|x86.Build.0 = Release|Any CPU
		{59EA2F8C-7284-43B3-B6B3-521F4EEFC6F3}.Debug|Any CPU.ActiveCfg = Debug|Any CPU
		{59EA2F8C-7284-43B3-B6B3-521F4EEFC6F3}.Debug|Any CPU.Build.0 = Debug|Any CPU
		{59EA2F8C-7284-43B3-B6B3-521F4EEFC6F3}.Debug|x64.ActiveCfg = Debug|Any CPU
		{59EA2F8C-7284-43B3-B6B3-521F4EEFC6F3}.Debug|x64.Build.0 = Debug|Any CPU
		{59EA2F8C-7284-43B3-B6B3-521F4EEFC6F3}.Debug|x86.ActiveCfg = Debug|Any CPU
		{59EA2F8C-7284-43B3-B6B3-521F4EEFC6F3}.Debug|x86.Build.0 = Debug|Any CPU
		{59EA2F8C-7284-43B3-B6B3-521F4EEFC6F3}.Release|Any CPU.ActiveCfg = Release|Any CPU
		{59EA2F8C-7284-43B3-B6B3-521F4EEFC6F3}.Release|Any CPU.Build.0 = Release|Any CPU
		{59EA2F8C-7284-43B3-B6B3-521F4EEFC6F3}.Release|x64.ActiveCfg = Release|Any CPU
		{59EA2F8C-7284-43B3-B6B3-521F4EEFC6F3}.Release|x64.Build.0 = Release|Any CPU
		{59EA2F8C-7284-43B3-B6B3-521F4EEFC6F3}.Release|x86.ActiveCfg = Release|Any CPU
		{59EA2F8C-7284-43B3-B6B3-521F4EEFC6F3}.Release|x86.Build.0 = Release|Any CPU
		{54DD1FF5-3521-47AE-99B5-656FC294591A}.Debug|Any CPU.ActiveCfg = Debug|Any CPU
		{54DD1FF5-3521-47AE-99B5-656FC294591A}.Debug|Any CPU.Build.0 = Debug|Any CPU
		{54DD1FF5-3521-47AE-99B5-656FC294591A}.Debug|x64.ActiveCfg = Debug|Any CPU
		{54DD1FF5-3521-47AE-99B5-656FC294591A}.Debug|x64.Build.0 = Debug|Any CPU
		{54DD1FF5-3521-47AE-99B5-656FC294591A}.Debug|x86.ActiveCfg = Debug|Any CPU
		{54DD1FF5-3521-47AE-99B5-656FC294591A}.Debug|x86.Build.0 = Debug|Any CPU
		{54DD1FF5-3521-47AE-99B5-656FC294591A}.Release|Any CPU.ActiveCfg = Release|Any CPU
		{54DD1FF5-3521-47AE-99B5-656FC294591A}.Release|Any CPU.Build.0 = Release|Any CPU
		{54DD1FF5-3521-47AE-99B5-656FC294591A}.Release|x64.ActiveCfg = Release|Any CPU
		{54DD1FF5-3521-47AE-99B5-656FC294591A}.Release|x64.Build.0 = Release|Any CPU
		{54DD1FF5-3521-47AE-99B5-656FC294591A}.Release|x86.ActiveCfg = Release|Any CPU
		{54DD1FF5-3521-47AE-99B5-656FC294591A}.Release|x86.Build.0 = Release|Any CPU
		{80F81E14-57D2-43AE-BA2B-31011A51D01B}.Debug|Any CPU.ActiveCfg = Debug|Any CPU
		{80F81E14-57D2-43AE-BA2B-31011A51D01B}.Debug|Any CPU.Build.0 = Debug|Any CPU
		{80F81E14-57D2-43AE-BA2B-31011A51D01B}.Debug|x64.ActiveCfg = Debug|Any CPU
		{80F81E14-57D2-43AE-BA2B-31011A51D01B}.Debug|x64.Build.0 = Debug|Any CPU
		{80F81E14-57D2-43AE-BA2B-31011A51D01B}.Debug|x86.ActiveCfg = Debug|Any CPU
		{80F81E14-57D2-43AE-BA2B-31011A51D01B}.Debug|x86.Build.0 = Debug|Any CPU
		{80F81E14-57D2-43AE-BA2B-31011A51D01B}.Release|Any CPU.ActiveCfg = Release|Any CPU
		{80F81E14-57D2-43AE-BA2B-31011A51D01B}.Release|Any CPU.Build.0 = Release|Any CPU
		{80F81E14-57D2-43AE-BA2B-31011A51D01B}.Release|x64.ActiveCfg = Release|Any CPU
		{80F81E14-57D2-43AE-BA2B-31011A51D01B}.Release|x64.Build.0 = Release|Any CPU
		{80F81E14-57D2-43AE-BA2B-31011A51D01B}.Release|x86.ActiveCfg = Release|Any CPU
		{80F81E14-57D2-43AE-BA2B-31011A51D01B}.Release|x86.Build.0 = Release|Any CPU
	EndGlobalSection
	GlobalSection(SolutionProperties) = preSolution
		HideSolutionNode = FALSE
	EndGlobalSection
	GlobalSection(NestedProjects) = preSolution
		{3970AA34-E74A-422B-ADCA-618996896364} = {16E5284D-03AA-EEDC-23E7-477C9C0C3712}
		{C9F84372-FA6D-41C7-AE6F-30E3735B9CF0} = {16E5284D-03AA-EEDC-23E7-477C9C0C3712}
		{ABDF48E4-E41C-4B04-8308-E66370CF52E8} = {B17DBA3A-F740-0BB2-557E-5AFF2A8E16AC}
		{9F82CAC8-ED2A-47D1-A51D-D33E257E2D08} = {B17DBA3A-F740-0BB2-557E-5AFF2A8E16AC}
		{9DFD7F79-C425-47B4-87B3-C7F8DCA135CD} = {218B6F35-38A8-8894-4A45-A70D6B0063B3}
		{504F6C9F-C0AA-4E82-9CCF-774F3BC6B4A8} = {218B6F35-38A8-8894-4A45-A70D6B0063B3}
		{C837768D-D1B3-4CD6-ABAD-CECE388012BB} = {218B6F35-38A8-8894-4A45-A70D6B0063B3}
		{103D7ACD-4827-4EC7-89B1-B92309D9020D} = {218B6F35-38A8-8894-4A45-A70D6B0063B3}
		{CFA52D63-CEBF-44DB-8F53-053B59F91875} = {218B6F35-38A8-8894-4A45-A70D6B0063B3}
		{FC2BBE80-E85E-4726-80DE-B6E4386B272E} = {218B6F35-38A8-8894-4A45-A70D6B0063B3}
		{59EA2F8C-7284-43B3-B6B3-521F4EEFC6F3} = {218B6F35-38A8-8894-4A45-A70D6B0063B3}
		{54DD1FF5-3521-47AE-99B5-656FC294591A} = {218B6F35-38A8-8894-4A45-A70D6B0063B3}
		{80F81E14-57D2-43AE-BA2B-31011A51D01B} = {827E0CD3-B72D-47B6-A68D-7590B98EB39B}
	EndGlobalSection
EndGlobal
