
Microsoft Visual Studio Solution File, Format Version 12.00
# Visual Studio Version 17
VisualStudioVersion = 17.0.31903.59
MinimumVisualStudioVersion = 10.0.40219.1
Project("{2150E333-8FDC-42A3-9474-1A3956D46DE8}") = "src", "src", "{827E0CD3-B72D-47B6-A68D-7590B98EB39B}"
EndProject
Project("{FAE04EC0-301F-11D3-BF4B-00C04F79EFBC}") = "Ara3D.BimOpenSchema.Harmonizer", "src\Ara3D.BimOpenSchema.Harmonizer\Ara3D.BimOpenSchema.Harmonizer.csproj", "{D04ACAAB-2648-4081-8CCF-AF2C5E3EE029}"
EndProject
Project("{FAE04EC0-301F-11D3-BF4B-00C04F79EFBC}") = "Ara3D.BimOpenSchema", "src\Ara3D.BimOpenSchema\Ara3D.BimOpenSchema.csproj", "{2BFA32ED-D019-4F7E-B282-09932C67CEE7}"
EndProject
Project("{FAE04EC0-301F-11D3-BF4B-00C04F79EFBC}") = "Ara3D.BimOpenSchema.IO", "src\Ara3D.BimOpenSchema.IO\Ara3D.BimOpenSchema.IO.csproj", "{AB404EB2-E055-4F7B-A1C1-9E3D6A839CF7}"
EndProject
Project("{FAE04EC0-301F-11D3-BF4B-00C04F79EFBC}") = "Ara3D.IfcLoader", "src\Ara3D.IfcLoader\Ara3D.IfcLoader.csproj", "{E0B72FA9-A47A-4B10-BCE8-A5FE1E1B6968}"
EndProject
Project("{FAE04EC0-301F-11D3-BF4B-00C04F79EFBC}") = "Ara3D.Ifc.Editing", "src\Ara3D.Ifc.Editing\Ara3D.Ifc.Editing.csproj", "{EB5A1681-A357-419A-A2BB-BDFBFD5914A5}"
EndProject
Project("{FAE04EC0-301F-11D3-BF4B-00C04F79EFBC}") = "Ara3D.Ifc.Mcp", "src\Ara3D.Ifc.Mcp\Ara3D.Ifc.Mcp.csproj", "{418D8F0F-335A-445C-81F6-2EDE2B1BCAA5}"
EndProject
Project("{FAE04EC0-301F-11D3-BF4B-00C04F79EFBC}") = "Ara3D.Ifc.Mesher", "src\Ara3D.Ifc.Mesher\Ara3D.Ifc.Mesher.csproj", "{DFA82ED2-F018-49E6-BB6F-2131FBDBD70D}"
EndProject
Project("{2150E333-8FDC-42A3-9474-1A3956D46DE8}") = "tests", "tests", "{0AB3BF05-4346-4AA6-1389-037BE0695223}"
EndProject
Project("{FAE04EC0-301F-11D3-BF4B-00C04F79EFBC}") = "Ara3D.BimOpenSchema.Harmonizer.Tests", "tests\Ara3D.BimOpenSchema.Harmonizer.Tests\Ara3D.BimOpenSchema.Harmonizer.Tests.csproj", "{84F1A092-B7BB-476B-92BA-ABC8E72A42D2}"
EndProject
Project("{FAE04EC0-301F-11D3-BF4B-00C04F79EFBC}") = "Ara3D.BimOpenSchema.Tests", "tests\Ara3D.BimOpenSchema.Tests\Ara3D.BimOpenSchema.Tests.csproj", "{AC032ABC-FCBF-4764-BD8D-B01F8A4D6A12}"
EndProject
Project("{FAE04EC0-301F-11D3-BF4B-00C04F79EFBC}") = "Ara3D.DoorClearance.Tests", "tests\Ara3D.DoorClearance.Tests\Ara3D.DoorClearance.Tests.csproj", "{D990B76A-9DAD-4AC5-95EB-DBE032B87F26}"
EndProject
Project("{FAE04EC0-301F-11D3-BF4B-00C04F79EFBC}") = "Ara3D.Ifc.Mcp.Tests", "tests\Ara3D.Ifc.Mcp.Tests\Ara3D.Ifc.Mcp.Tests.csproj", "{D1754A30-BBA7-4C3F-9772-0B0E4CCF7862}"
EndProject
Project("{FAE04EC0-301F-11D3-BF4B-00C04F79EFBC}") = "Ara3D.Ifc.Tests", "tests\Ara3D.Ifc.Tests\Ara3D.Ifc.Tests.csproj", "{5AF4B320-3FBB-4402-951D-931140B52C57}"
EndProject
Project("{2150E333-8FDC-42A3-9474-1A3956D46DE8}") = "platoflow", "platoflow", "{F2449EEB-34C2-5066-4CF2-1D070AA8744C}"
EndProject
Project("{2150E333-8FDC-42A3-9474-1A3956D46DE8}") = "host", "host", "{F73961BC-B020-A6F1-C6CE-2AEC3C2E1C42}"
EndProject
Project("{FAE04EC0-301F-11D3-BF4B-00C04F79EFBC}") = "PlatoFlowHost", "platoflow\host\PlatoFlowHost.csproj", "{5834A941-0016-4E15-BF44-C640A6E29337}"
EndProject
Project("{FAE04EC0-301F-11D3-BF4B-00C04F79EFBC}") = "Ara3D.DataFlowEngine.Abstractions", "src\Ara3D.DataFlowEngine.Abstractions\Ara3D.DataFlowEngine.Abstractions.csproj", "{89AEF883-9DD0-42E5-B744-B6AD805986AC}"
EndProject
Project("{FAE04EC0-301F-11D3-BF4B-00C04F79EFBC}") = "Ara3D.NodeGraph", "src\Ara3D.NodeGraph\Ara3D.NodeGraph.csproj", "{970AC0AD-EA8F-45FD-9DC7-3029C7C1B067}"
EndProject
Project("{FAE04EC0-301F-11D3-BF4B-00C04F79EFBC}") = "Ara3D.NodeGraph.Tests", "tests\Ara3D.NodeGraph.Tests\Ara3D.NodeGraph.Tests.csproj", "{5A7B130D-AFBA-48AF-9DD9-775A69CD9CDF}"
EndProject
Project("{FAE04EC0-301F-11D3-BF4B-00C04F79EFBC}") = "Ara3D.BimOpenSchema.DuckDb", "src\Ara3D.BimOpenSchema.DuckDb\Ara3D.BimOpenSchema.DuckDb.csproj", "{D4251F96-F6DF-446C-BCDE-AE54E90F6B1E}"
EndProject
Project("{FAE04EC0-301F-11D3-BF4B-00C04F79EFBC}") = "Ara3D.BimOpenSchema.DuckDb.Tests", "tests\Ara3D.BimOpenSchema.DuckDb.Tests\Ara3D.BimOpenSchema.DuckDb.Tests.csproj", "{ECD47E01-AA59-4EBA-AEBB-1916B02C3221}"
EndProject
Project("{FAE04EC0-301F-11D3-BF4B-00C04F79EFBC}") = "Ara3D.DataFlowEngine.Expressions", "src\Ara3D.DataFlowEngine.Expressions\Ara3D.DataFlowEngine.Expressions.csproj", "{5604D6C4-9F84-4AFD-B564-1120C1AB3CF2}"
EndProject
Project("{FAE04EC0-301F-11D3-BF4B-00C04F79EFBC}") = "Ara3D.DataFlowEngine.Expressions.Tests", "tests\Ara3D.DataFlowEngine.Expressions.Tests\Ara3D.DataFlowEngine.Expressions.Tests.csproj", "{55332ADE-C890-42E2-9527-7BA418362DDD}"
EndProject
Project("{FAE04EC0-301F-11D3-BF4B-00C04F79EFBC}") = "Ara3D.DataFlowEngine", "src\Ara3D.DataFlowEngine\Ara3D.DataFlowEngine.csproj", "{FA30FE19-97D1-4E84-A37B-C9D3C2B15DCC}"
EndProject
Project("{FAE04EC0-301F-11D3-BF4B-00C04F79EFBC}") = "Ara3D.DataFlowEngine.Tests", "tests\Ara3D.DataFlowEngine.Tests\Ara3D.DataFlowEngine.Tests.csproj", "{980A2E76-EC97-4A68-A388-830C1ED1F914}"
EndProject
Project("{FAE04EC0-301F-11D3-BF4B-00C04F79EFBC}") = "BimOpenFlow.Nodes.Compliance", "src\BimOpenFlow.Nodes.Compliance\BimOpenFlow.Nodes.Compliance.csproj", "{5CC75C0E-7862-4717-A1E7-87A13A4C7141}"
EndProject
Project("{FAE04EC0-301F-11D3-BF4B-00C04F79EFBC}") = "BimOpenFlow.Nodes.Compliance.Tests", "tests\BimOpenFlow.Nodes.Compliance.Tests\BimOpenFlow.Nodes.Compliance.Tests.csproj", "{4D4DB2B0-F5B1-4FED-94C1-EB3B7020F857}"
EndProject
Project("{FAE04EC0-301F-11D3-BF4B-00C04F79EFBC}") = "BimOpenFlow.Nodes.Geometry", "src\BimOpenFlow.Nodes.Geometry\BimOpenFlow.Nodes.Geometry.csproj", "{62376B62-92EA-456A-A63D-061CD98D3822}"
EndProject
Project("{FAE04EC0-301F-11D3-BF4B-00C04F79EFBC}") = "BimOpenFlow.Nodes.Geometry.Tests", "tests\BimOpenFlow.Nodes.Geometry.Tests\BimOpenFlow.Nodes.Geometry.Tests.csproj", "{355C3342-C8B5-426D-9FBE-B0379CC2EFE9}"
EndProject
Project("{FAE04EC0-301F-11D3-BF4B-00C04F79EFBC}") = "BimOpenFlow.Nodes.Bos", "src\BimOpenFlow.Nodes.Bos\BimOpenFlow.Nodes.Bos.csproj", "{9EF4D9CB-1727-4C2D-B1E9-58FBD25ADBEF}"
EndProject
Project("{FAE04EC0-301F-11D3-BF4B-00C04F79EFBC}") = "BimOpenFlow.Nodes.Bos.Tests", "tests\BimOpenFlow.Nodes.Bos.Tests\BimOpenFlow.Nodes.Bos.Tests.csproj", "{33B2F869-8A84-4EEF-8814-80EF78AE6C99}"
EndProject
Project("{FAE04EC0-301F-11D3-BF4B-00C04F79EFBC}") = "Ara3D.DataFlowEngine.TestKit", "src\Ara3D.DataFlowEngine.TestKit\Ara3D.DataFlowEngine.TestKit.csproj", "{8F0147F4-DE76-463D-82A6-9DE2D38D9205}"
EndProject
Project("{FAE04EC0-301F-11D3-BF4B-00C04F79EFBC}") = "Ara3D.DataFlowEngine.TestKit.Tests", "tests\Ara3D.DataFlowEngine.TestKit.Tests\Ara3D.DataFlowEngine.TestKit.Tests.csproj", "{B7FCE7CB-1C88-4C61-BE72-1E90CFB68C08}"
EndProject
Project("{FAE04EC0-301F-11D3-BF4B-00C04F79EFBC}") = "Ara3D.DataFlowEngine.Conformance", "tests\Ara3D.DataFlowEngine.Conformance\Ara3D.DataFlowEngine.Conformance.csproj", "{68884AF1-4A8C-4FE7-92D6-785439EE822B}"
EndProject
Global
	GlobalSection(SolutionConfigurationPlatforms) = preSolution
		Debug|Any CPU = Debug|Any CPU
		Debug|x64 = Debug|x64
		Debug|x86 = Debug|x86
		Release|Any CPU = Release|Any CPU
		Release|x64 = Release|x64
		Release|x86 = Release|x86
	EndGlobalSection
	GlobalSection(ProjectConfigurationPlatforms) = postSolution
		{D04ACAAB-2648-4081-8CCF-AF2C5E3EE029}.Debug|Any CPU.ActiveCfg = Debug|Any CPU
		{D04ACAAB-2648-4081-8CCF-AF2C5E3EE029}.Debug|Any CPU.Build.0 = Debug|Any CPU
		{D04ACAAB-2648-4081-8CCF-AF2C5E3EE029}.Debug|x64.ActiveCfg = Debug|Any CPU
		{D04ACAAB-2648-4081-8CCF-AF2C5E3EE029}.Debug|x64.Build.0 = Debug|Any CPU
		{D04ACAAB-2648-4081-8CCF-AF2C5E3EE029}.Debug|x86.ActiveCfg = Debug|Any CPU
		{D04ACAAB-2648-4081-8CCF-AF2C5E3EE029}.Debug|x86.Build.0 = Debug|Any CPU
		{D04ACAAB-2648-4081-8CCF-AF2C5E3EE029}.Release|Any CPU.ActiveCfg = Release|Any CPU
		{D04ACAAB-2648-4081-8CCF-AF2C5E3EE029}.Release|Any CPU.Build.0 = Release|Any CPU
		{D04ACAAB-2648-4081-8CCF-AF2C5E3EE029}.Release|x64.ActiveCfg = Release|Any CPU
		{D04ACAAB-2648-4081-8CCF-AF2C5E3EE029}.Release|x64.Build.0 = Release|Any CPU
		{D04ACAAB-2648-4081-8CCF-AF2C5E3EE029}.Release|x86.ActiveCfg = Release|Any CPU
		{D04ACAAB-2648-4081-8CCF-AF2C5E3EE029}.Release|x86.Build.0 = Release|Any CPU
		{2BFA32ED-D019-4F7E-B282-09932C67CEE7}.Debug|Any CPU.ActiveCfg = Debug|Any CPU
		{2BFA32ED-D019-4F7E-B282-09932C67CEE7}.Debug|Any CPU.Build.0 = Debug|Any CPU
		{2BFA32ED-D019-4F7E-B282-09932C67CEE7}.Debug|x64.ActiveCfg = Debug|Any CPU
		{2BFA32ED-D019-4F7E-B282-09932C67CEE7}.Debug|x64.Build.0 = Debug|Any CPU
		{2BFA32ED-D019-4F7E-B282-09932C67CEE7}.Debug|x86.ActiveCfg = Debug|Any CPU
		{2BFA32ED-D019-4F7E-B282-09932C67CEE7}.Debug|x86.Build.0 = Debug|Any CPU
		{2BFA32ED-D019-4F7E-B282-09932C67CEE7}.Release|Any CPU.ActiveCfg = Release|Any CPU
		{2BFA32ED-D019-4F7E-B282-09932C67CEE7}.Release|Any CPU.Build.0 = Release|Any CPU
		{2BFA32ED-D019-4F7E-B282-09932C67CEE7}.Release|x64.ActiveCfg = Release|Any CPU
		{2BFA32ED-D019-4F7E-B282-09932C67CEE7}.Release|x64.Build.0 = Release|Any CPU
		{2BFA32ED-D019-4F7E-B282-09932C67CEE7}.Release|x86.ActiveCfg = Release|Any CPU
		{2BFA32ED-D019-4F7E-B282-09932C67CEE7}.Release|x86.Build.0 = Release|Any CPU
		{AB404EB2-E055-4F7B-A1C1-9E3D6A839CF7}.Debug|Any CPU.ActiveCfg = Debug|Any CPU
		{AB404EB2-E055-4F7B-A1C1-9E3D6A839CF7}.Debug|Any CPU.Build.0 = Debug|Any CPU
		{AB404EB2-E055-4F7B-A1C1-9E3D6A839CF7}.Debug|x64.ActiveCfg = Debug|Any CPU
		{AB404EB2-E055-4F7B-A1C1-9E3D6A839CF7}.Debug|x64.Build.0 = Debug|Any CPU
		{AB404EB2-E055-4F7B-A1C1-9E3D6A839CF7}.Debug|x86.ActiveCfg = Debug|Any CPU
		{AB404EB2-E055-4F7B-A1C1-9E3D6A839CF7}.Debug|x86.Build.0 = Debug|Any CPU
		{AB404EB2-E055-4F7B-A1C1-9E3D6A839CF7}.Release|Any CPU.ActiveCfg = Release|Any CPU
		{AB404EB2-E055-4F7B-A1C1-9E3D6A839CF7}.Release|Any CPU.Build.0 = Release|Any CPU
		{AB404EB2-E055-4F7B-A1C1-9E3D6A839CF7}.Release|x64.ActiveCfg = Release|Any CPU
		{AB404EB2-E055-4F7B-A1C1-9E3D6A839CF7}.Release|x64.Build.0 = Release|Any CPU
		{AB404EB2-E055-4F7B-A1C1-9E3D6A839CF7}.Release|x86.ActiveCfg = Release|Any CPU
		{AB404EB2-E055-4F7B-A1C1-9E3D6A839CF7}.Release|x86.Build.0 = Release|Any CPU
		{E0B72FA9-A47A-4B10-BCE8-A5FE1E1B6968}.Debug|Any CPU.ActiveCfg = Debug|Any CPU
		{E0B72FA9-A47A-4B10-BCE8-A5FE1E1B6968}.Debug|Any CPU.Build.0 = Debug|Any CPU
		{E0B72FA9-A47A-4B10-BCE8-A5FE1E1B6968}.Debug|x64.ActiveCfg = Debug|Any CPU
		{E0B72FA9-A47A-4B10-BCE8-A5FE1E1B6968}.Debug|x64.Build.0 = Debug|Any CPU
		{E0B72FA9-A47A-4B10-BCE8-A5FE1E1B6968}.Debug|x86.ActiveCfg = Debug|Any CPU
		{E0B72FA9-A47A-4B10-BCE8-A5FE1E1B6968}.Debug|x86.Build.0 = Debug|Any CPU
		{E0B72FA9-A47A-4B10-BCE8-A5FE1E1B6968}.Release|Any CPU.ActiveCfg = Release|Any CPU
		{E0B72FA9-A47A-4B10-BCE8-A5FE1E1B6968}.Release|Any CPU.Build.0 = Release|Any CPU
		{E0B72FA9-A47A-4B10-BCE8-A5FE1E1B6968}.Release|x64.ActiveCfg = Release|Any CPU
		{E0B72FA9-A47A-4B10-BCE8-A5FE1E1B6968}.Release|x64.Build.0 = Release|Any CPU
		{E0B72FA9-A47A-4B10-BCE8-A5FE1E1B6968}.Release|x86.ActiveCfg = Release|Any CPU
		{E0B72FA9-A47A-4B10-BCE8-A5FE1E1B6968}.Release|x86.Build.0 = Release|Any CPU
		{EB5A1681-A357-419A-A2BB-BDFBFD5914A5}.Debug|Any CPU.ActiveCfg = Debug|Any CPU
		{EB5A1681-A357-419A-A2BB-BDFBFD5914A5}.Debug|Any CPU.Build.0 = Debug|Any CPU
		{EB5A1681-A357-419A-A2BB-BDFBFD5914A5}.Debug|x64.ActiveCfg = Debug|Any CPU
		{EB5A1681-A357-419A-A2BB-BDFBFD5914A5}.Debug|x64.Build.0 = Debug|Any CPU
		{EB5A1681-A357-419A-A2BB-BDFBFD5914A5}.Debug|x86.ActiveCfg = Debug|Any CPU
		{EB5A1681-A357-419A-A2BB-BDFBFD5914A5}.Debug|x86.Build.0 = Debug|Any CPU
		{EB5A1681-A357-419A-A2BB-BDFBFD5914A5}.Release|Any CPU.ActiveCfg = Release|Any CPU
		{EB5A1681-A357-419A-A2BB-BDFBFD5914A5}.Release|Any CPU.Build.0 = Release|Any CPU
		{EB5A1681-A357-419A-A2BB-BDFBFD5914A5}.Release|x64.ActiveCfg = Release|Any CPU
		{EB5A1681-A357-419A-A2BB-BDFBFD5914A5}.Release|x64.Build.0 = Release|Any CPU
		{EB5A1681-A357-419A-A2BB-BDFBFD5914A5}.Release|x86.ActiveCfg = Release|Any CPU
		{EB5A1681-A357-419A-A2BB-BDFBFD5914A5}.Release|x86.Build.0 = Release|Any CPU
		{418D8F0F-335A-445C-81F6-2EDE2B1BCAA5}.Debug|Any CPU.ActiveCfg = Debug|Any CPU
		{418D8F0F-335A-445C-81F6-2EDE2B1BCAA5}.Debug|Any CPU.Build.0 = Debug|Any CPU
		{418D8F0F-335A-445C-81F6-2EDE2B1BCAA5}.Debug|x64.ActiveCfg = Debug|Any CPU
		{418D8F0F-335A-445C-81F6-2EDE2B1BCAA5}.Debug|x64.Build.0 = Debug|Any CPU
		{418D8F0F-335A-445C-81F6-2EDE2B1BCAA5}.Debug|x86.ActiveCfg = Debug|Any CPU
		{418D8F0F-335A-445C-81F6-2EDE2B1BCAA5}.Debug|x86.Build.0 = Debug|Any CPU
		{418D8F0F-335A-445C-81F6-2EDE2B1BCAA5}.Release|Any CPU.ActiveCfg = Release|Any CPU
		{418D8F0F-335A-445C-81F6-2EDE2B1BCAA5}.Release|Any CPU.Build.0 = Release|Any CPU
		{418D8F0F-335A-445C-81F6-2EDE2B1BCAA5}.Release|x64.ActiveCfg = Release|Any CPU
		{418D8F0F-335A-445C-81F6-2EDE2B1BCAA5}.Release|x64.Build.0 = Release|Any CPU
		{418D8F0F-335A-445C-81F6-2EDE2B1BCAA5}.Release|x86.ActiveCfg = Release|Any CPU
		{418D8F0F-335A-445C-81F6-2EDE2B1BCAA5}.Release|x86.Build.0 = Release|Any CPU
		{DFA82ED2-F018-49E6-BB6F-2131FBDBD70D}.Debug|Any CPU.ActiveCfg = Debug|Any CPU
		{DFA82ED2-F018-49E6-BB6F-2131FBDBD70D}.Debug|Any CPU.Build.0 = Debug|Any CPU
		{DFA82ED2-F018-49E6-BB6F-2131FBDBD70D}.Debug|x64.ActiveCfg = Debug|Any CPU
		{DFA82ED2-F018-49E6-BB6F-2131FBDBD70D}.Debug|x64.Build.0 = Debug|Any CPU
		{DFA82ED2-F018-49E6-BB6F-2131FBDBD70D}.Debug|x86.ActiveCfg = Debug|Any CPU
		{DFA82ED2-F018-49E6-BB6F-2131FBDBD70D}.Debug|x86.Build.0 = Debug|Any CPU
		{DFA82ED2-F018-49E6-BB6F-2131FBDBD70D}.Release|Any CPU.ActiveCfg = Release|Any CPU
		{DFA82ED2-F018-49E6-BB6F-2131FBDBD70D}.Release|Any CPU.Build.0 = Release|Any CPU
		{DFA82ED2-F018-49E6-BB6F-2131FBDBD70D}.Release|x64.ActiveCfg = Release|Any CPU
		{DFA82ED2-F018-49E6-BB6F-2131FBDBD70D}.Release|x64.Build.0 = Release|Any CPU
		{DFA82ED2-F018-49E6-BB6F-2131FBDBD70D}.Release|x86.ActiveCfg = Release|Any CPU
		{DFA82ED2-F018-49E6-BB6F-2131FBDBD70D}.Release|x86.Build.0 = Release|Any CPU
		{84F1A092-B7BB-476B-92BA-ABC8E72A42D2}.Debug|Any CPU.ActiveCfg = Debug|Any CPU
		{84F1A092-B7BB-476B-92BA-ABC8E72A42D2}.Debug|Any CPU.Build.0 = Debug|Any CPU
		{84F1A092-B7BB-476B-92BA-ABC8E72A42D2}.Debug|x64.ActiveCfg = Debug|Any CPU
		{84F1A092-B7BB-476B-92BA-ABC8E72A42D2}.Debug|x64.Build.0 = Debug|Any CPU
		{84F1A092-B7BB-476B-92BA-ABC8E72A42D2}.Debug|x86.ActiveCfg = Debug|Any CPU
		{84F1A092-B7BB-476B-92BA-ABC8E72A42D2}.Debug|x86.Build.0 = Debug|Any CPU
		{84F1A092-B7BB-476B-92BA-ABC8E72A42D2}.Release|Any CPU.ActiveCfg = Release|Any CPU
		{84F1A092-B7BB-476B-92BA-ABC8E72A42D2}.Release|Any CPU.Build.0 = Release|Any CPU
		{84F1A092-B7BB-476B-92BA-ABC8E72A42D2}.Release|x64.ActiveCfg = Release|Any CPU
		{84F1A092-B7BB-476B-92BA-ABC8E72A42D2}.Release|x64.Build.0 = Release|Any CPU
		{84F1A092-B7BB-476B-92BA-ABC8E72A42D2}.Release|x86.ActiveCfg = Release|Any CPU
		{84F1A092-B7BB-476B-92BA-ABC8E72A42D2}.Release|x86.Build.0 = Release|Any CPU
		{AC032ABC-FCBF-4764-BD8D-B01F8A4D6A12}.Debug|Any CPU.ActiveCfg = Debug|Any CPU
		{AC032ABC-FCBF-4764-BD8D-B01F8A4D6A12}.Debug|Any CPU.Build.0 = Debug|Any CPU
		{AC032ABC-FCBF-4764-BD8D-B01F8A4D6A12}.Debug|x64.ActiveCfg = Debug|Any CPU
		{AC032ABC-FCBF-4764-BD8D-B01F8A4D6A12}.Debug|x64.Build.0 = Debug|Any CPU
		{AC032ABC-FCBF-4764-BD8D-B01F8A4D6A12}.Debug|x86.ActiveCfg = Debug|Any CPU
		{AC032ABC-FCBF-4764-BD8D-B01F8A4D6A12}.Debug|x86.Build.0 = Debug|Any CPU
		{AC032ABC-FCBF-4764-BD8D-B01F8A4D6A12}.Release|Any CPU.ActiveCfg = Release|Any CPU
		{AC032ABC-FCBF-4764-BD8D-B01F8A4D6A12}.Release|Any CPU.Build.0 = Release|Any CPU
		{AC032ABC-FCBF-4764-BD8D-B01F8A4D6A12}.Release|x64.ActiveCfg = Release|Any CPU
		{AC032ABC-FCBF-4764-BD8D-B01F8A4D6A12}.Release|x64.Build.0 = Release|Any CPU
		{AC032ABC-FCBF-4764-BD8D-B01F8A4D6A12}.Release|x86.ActiveCfg = Release|Any CPU
		{AC032ABC-FCBF-4764-BD8D-B01F8A4D6A12}.Release|x86.Build.0 = Release|Any CPU
		{D990B76A-9DAD-4AC5-95EB-DBE032B87F26}.Debug|Any CPU.ActiveCfg = Debug|Any CPU
		{D990B76A-9DAD-4AC5-95EB-DBE032B87F26}.Debug|Any CPU.Build.0 = Debug|Any CPU
		{D990B76A-9DAD-4AC5-95EB-DBE032B87F26}.Debug|x64.ActiveCfg = Debug|Any CPU
		{D990B76A-9DAD-4AC5-95EB-DBE032B87F26}.Debug|x64.Build.0 = Debug|Any CPU
		{D990B76A-9DAD-4AC5-95EB-DBE032B87F26}.Debug|x86.ActiveCfg = Debug|Any CPU
		{D990B76A-9DAD-4AC5-95EB-DBE032B87F26}.Debug|x86.Build.0 = Debug|Any CPU
		{D990B76A-9DAD-4AC5-95EB-DBE032B87F26}.Release|Any CPU.ActiveCfg = Release|Any CPU
		{D990B76A-9DAD-4AC5-95EB-DBE032B87F26}.Release|Any CPU.Build.0 = Release|Any CPU
		{D990B76A-9DAD-4AC5-95EB-DBE032B87F26}.Release|x64.ActiveCfg = Release|Any CPU
		{D990B76A-9DAD-4AC5-95EB-DBE032B87F26}.Release|x64.Build.0 = Release|Any CPU
		{D990B76A-9DAD-4AC5-95EB-DBE032B87F26}.Release|x86.ActiveCfg = Release|Any CPU
		{D990B76A-9DAD-4AC5-95EB-DBE032B87F26}.Release|x86.Build.0 = Release|Any CPU
		{D1754A30-BBA7-4C3F-9772-0B0E4CCF7862}.Debug|Any CPU.ActiveCfg = Debug|Any CPU
		{D1754A30-BBA7-4C3F-9772-0B0E4CCF7862}.Debug|Any CPU.Build.0 = Debug|Any CPU
		{D1754A30-BBA7-4C3F-9772-0B0E4CCF7862}.Debug|x64.ActiveCfg = Debug|Any CPU
		{D1754A30-BBA7-4C3F-9772-0B0E4CCF7862}.Debug|x64.Build.0 = Debug|Any CPU
		{D1754A30-BBA7-4C3F-9772-0B0E4CCF7862}.Debug|x86.ActiveCfg = Debug|Any CPU
		{D1754A30-BBA7-4C3F-9772-0B0E4CCF7862}.Debug|x86.Build.0 = Debug|Any CPU
		{D1754A30-BBA7-4C3F-9772-0B0E4CCF7862}.Release|Any CPU.ActiveCfg = Release|Any CPU
		{D1754A30-BBA7-4C3F-9772-0B0E4CCF7862}.Release|Any CPU.Build.0 = Release|Any CPU
		{D1754A30-BBA7-4C3F-9772-0B0E4CCF7862}.Release|x64.ActiveCfg = Release|Any CPU
		{D1754A30-BBA7-4C3F-9772-0B0E4CCF7862}.Release|x64.Build.0 = Release|Any CPU
		{D1754A30-BBA7-4C3F-9772-0B0E4CCF7862}.Release|x86.ActiveCfg = Release|Any CPU
		{D1754A30-BBA7-4C3F-9772-0B0E4CCF7862}.Release|x86.Build.0 = Release|Any CPU
		{5AF4B320-3FBB-4402-951D-931140B52C57}.Debug|Any CPU.ActiveCfg = Debug|Any CPU
		{5AF4B320-3FBB-4402-951D-931140B52C57}.Debug|Any CPU.Build.0 = Debug|Any CPU
		{5AF4B320-3FBB-4402-951D-931140B52C57}.Debug|x64.ActiveCfg = Debug|Any CPU
		{5AF4B320-3FBB-4402-951D-931140B52C57}.Debug|x64.Build.0 = Debug|Any CPU
		{5AF4B320-3FBB-4402-951D-931140B52C57}.Debug|x86.ActiveCfg = Debug|Any CPU
		{5AF4B320-3FBB-4402-951D-931140B52C57}.Debug|x86.Build.0 = Debug|Any CPU
		{5AF4B320-3FBB-4402-951D-931140B52C57}.Release|Any CPU.ActiveCfg = Release|Any CPU
		{5AF4B320-3FBB-4402-951D-931140B52C57}.Release|Any CPU.Build.0 = Release|Any CPU
		{5AF4B320-3FBB-4402-951D-931140B52C57}.Release|x64.ActiveCfg = Release|Any CPU
		{5AF4B320-3FBB-4402-951D-931140B52C57}.Release|x64.Build.0 = Release|Any CPU
		{5AF4B320-3FBB-4402-951D-931140B52C57}.Release|x86.ActiveCfg = Release|Any CPU
		{5AF4B320-3FBB-4402-951D-931140B52C57}.Release|x86.Build.0 = Release|Any CPU
		{5834A941-0016-4E15-BF44-C640A6E29337}.Debug|Any CPU.ActiveCfg = Debug|Any CPU
		{5834A941-0016-4E15-BF44-C640A6E29337}.Debug|Any CPU.Build.0 = Debug|Any CPU
		{5834A941-0016-4E15-BF44-C640A6E29337}.Debug|x64.ActiveCfg = Debug|Any CPU
		{5834A941-0016-4E15-BF44-C640A6E29337}.Debug|x64.Build.0 = Debug|Any CPU
		{5834A941-0016-4E15-BF44-C640A6E29337}.Debug|x86.ActiveCfg = Debug|Any CPU
		{5834A941-0016-4E15-BF44-C640A6E29337}.Debug|x86.Build.0 = Debug|Any CPU
		{5834A941-0016-4E15-BF44-C640A6E29337}.Release|Any CPU.ActiveCfg = Release|Any CPU
		{5834A941-0016-4E15-BF44-C640A6E29337}.Release|Any CPU.Build.0 = Release|Any CPU
		{5834A941-0016-4E15-BF44-C640A6E29337}.Release|x64.ActiveCfg = Release|Any CPU
		{5834A941-0016-4E15-BF44-C640A6E29337}.Release|x64.Build.0 = Release|Any CPU
		{5834A941-0016-4E15-BF44-C640A6E29337}.Release|x86.ActiveCfg = Release|Any CPU
		{5834A941-0016-4E15-BF44-C640A6E29337}.Release|x86.Build.0 = Release|Any CPU
		{89AEF883-9DD0-42E5-B744-B6AD805986AC}.Debug|Any CPU.ActiveCfg = Debug|Any CPU
		{89AEF883-9DD0-42E5-B744-B6AD805986AC}.Debug|Any CPU.Build.0 = Debug|Any CPU
		{89AEF883-9DD0-42E5-B744-B6AD805986AC}.Debug|x64.ActiveCfg = Debug|Any CPU
		{89AEF883-9DD0-42E5-B744-B6AD805986AC}.Debug|x64.Build.0 = Debug|Any CPU
		{89AEF883-9DD0-42E5-B744-B6AD805986AC}.Debug|x86.ActiveCfg = Debug|Any CPU
		{89AEF883-9DD0-42E5-B744-B6AD805986AC}.Debug|x86.Build.0 = Debug|Any CPU
		{89AEF883-9DD0-42E5-B744-B6AD805986AC}.Release|Any CPU.ActiveCfg = Release|Any CPU
		{89AEF883-9DD0-42E5-B744-B6AD805986AC}.Release|Any CPU.Build.0 = Release|Any CPU
		{89AEF883-9DD0-42E5-B744-B6AD805986AC}.Release|x64.ActiveCfg = Release|Any CPU
		{89AEF883-9DD0-42E5-B744-B6AD805986AC}.Release|x64.Build.0 = Release|Any CPU
		{89AEF883-9DD0-42E5-B744-B6AD805986AC}.Release|x86.ActiveCfg = Release|Any CPU
		{89AEF883-9DD0-42E5-B744-B6AD805986AC}.Release|x86.Build.0 = Release|Any CPU
		{970AC0AD-EA8F-45FD-9DC7-3029C7C1B067}.Debug|Any CPU.ActiveCfg = Debug|Any CPU
		{970AC0AD-EA8F-45FD-9DC7-3029C7C1B067}.Debug|Any CPU.Build.0 = Debug|Any CPU
		{970AC0AD-EA8F-45FD-9DC7-3029C7C1B067}.Debug|x64.ActiveCfg = Debug|Any CPU
		{970AC0AD-EA8F-45FD-9DC7-3029C7C1B067}.Debug|x64.Build.0 = Debug|Any CPU
		{970AC0AD-EA8F-45FD-9DC7-3029C7C1B067}.Debug|x86.ActiveCfg = Debug|Any CPU
		{970AC0AD-EA8F-45FD-9DC7-3029C7C1B067}.Debug|x86.Build.0 = Debug|Any CPU
		{970AC0AD-EA8F-45FD-9DC7-3029C7C1B067}.Release|Any CPU.ActiveCfg = Release|Any CPU
		{970AC0AD-EA8F-45FD-9DC7-3029C7C1B067}.Release|Any CPU.Build.0 = Release|Any CPU
		{970AC0AD-EA8F-45FD-9DC7-3029C7C1B067}.Release|x64.ActiveCfg = Release|Any CPU
		{970AC0AD-EA8F-45FD-9DC7-3029C7C1B067}.Release|x64.Build.0 = Release|Any CPU
		{970AC0AD-EA8F-45FD-9DC7-3029C7C1B067}.Release|x86.ActiveCfg = Release|Any CPU
		{970AC0AD-EA8F-45FD-9DC7-3029C7C1B067}.Release|x86.Build.0 = Release|Any CPU
		{5A7B130D-AFBA-48AF-9DD9-775A69CD9CDF}.Debug|Any CPU.ActiveCfg = Debug|Any CPU
		{5A7B130D-AFBA-48AF-9DD9-775A69CD9CDF}.Debug|Any CPU.Build.0 = Debug|Any CPU
		{5A7B130D-AFBA-48AF-9DD9-775A69CD9CDF}.Debug|x64.ActiveCfg = Debug|Any CPU
		{5A7B130D-AFBA-48AF-9DD9-775A69CD9CDF}.Debug|x64.Build.0 = Debug|Any CPU
		{5A7B130D-AFBA-48AF-9DD9-775A69CD9CDF}.Debug|x86.ActiveCfg = Debug|Any CPU
		{5A7B130D-AFBA-48AF-9DD9-775A69CD9CDF}.Debug|x86.Build.0 = Debug|Any CPU
		{5A7B130D-AFBA-48AF-9DD9-775A69CD9CDF}.Release|Any CPU.ActiveCfg = Release|Any CPU
		{5A7B130D-AFBA-48AF-9DD9-775A69CD9CDF}.Release|Any CPU.Build.0 = Release|Any CPU
		{5A7B130D-AFBA-48AF-9DD9-775A69CD9CDF}.Release|x64.ActiveCfg = Release|Any CPU
		{5A7B130D-AFBA-48AF-9DD9-775A69CD9CDF}.Release|x64.Build.0 = Release|Any CPU
		{5A7B130D-AFBA-48AF-9DD9-775A69CD9CDF}.Release|x86.ActiveCfg = Release|Any CPU
		{5A7B130D-AFBA-48AF-9DD9-775A69CD9CDF}.Release|x86.Build.0 = Release|Any CPU
		{D4251F96-F6DF-446C-BCDE-AE54E90F6B1E}.Debug|Any CPU.ActiveCfg = Debug|Any CPU
		{D4251F96-F6DF-446C-BCDE-AE54E90F6B1E}.Debug|Any CPU.Build.0 = Debug|Any CPU
		{D4251F96-F6DF-446C-BCDE-AE54E90F6B1E}.Debug|x64.ActiveCfg = Debug|Any CPU
		{D4251F96-F6DF-446C-BCDE-AE54E90F6B1E}.Debug|x64.Build.0 = Debug|Any CPU
		{D4251F96-F6DF-446C-BCDE-AE54E90F6B1E}.Debug|x86.ActiveCfg = Debug|Any CPU
		{D4251F96-F6DF-446C-BCDE-AE54E90F6B1E}.Debug|x86.Build.0 = Debug|Any CPU
		{D4251F96-F6DF-446C-BCDE-AE54E90F6B1E}.Release|Any CPU.ActiveCfg = Release|Any CPU
		{D4251F96-F6DF-446C-BCDE-AE54E90F6B1E}.Release|Any CPU.Build.0 = Release|Any CPU
		{D4251F96-F6DF-446C-BCDE-AE54E90F6B1E}.Release|x64.ActiveCfg = Release|Any CPU
		{D4251F96-F6DF-446C-BCDE-AE54E90F6B1E}.Release|x64.Build.0 = Release|Any CPU
		{D4251F96-F6DF-446C-BCDE-AE54E90F6B1E}.Release|x86.ActiveCfg = Release|Any CPU
		{D4251F96-F6DF-446C-BCDE-AE54E90F6B1E}.Release|x86.Build.0 = Release|Any CPU
		{ECD47E01-AA59-4EBA-AEBB-1916B02C3221}.Debug|Any CPU.ActiveCfg = Debug|Any CPU
		{ECD47E01-AA59-4EBA-AEBB-1916B02C3221}.Debug|Any CPU.Build.0 = Debug|Any CPU
		{ECD47E01-AA59-4EBA-AEBB-1916B02C3221}.Debug|x64.ActiveCfg = Debug|Any CPU
		{ECD47E01-AA59-4EBA-AEBB-1916B02C3221}.Debug|x64.Build.0 = Debug|Any CPU
		{ECD47E01-AA59-4EBA-AEBB-1916B02C3221}.Debug|x86.ActiveCfg = Debug|Any CPU
		{ECD47E01-AA59-4EBA-AEBB-1916B02C3221}.Debug|x86.Build.0 = Debug|Any CPU
		{ECD47E01-AA59-4EBA-AEBB-1916B02C3221}.Release|Any CPU.ActiveCfg = Release|Any CPU
		{ECD47E01-AA59-4EBA-AEBB-1916B02C3221}.Release|Any CPU.Build.0 = Release|Any CPU
		{ECD47E01-AA59-4EBA-AEBB-1916B02C3221}.Release|x64.ActiveCfg = Release|Any CPU
		{ECD47E01-AA59-4EBA-AEBB-1916B02C3221}.Release|x64.Build.0 = Release|Any CPU
		{ECD47E01-AA59-4EBA-AEBB-1916B02C3221}.Release|x86.ActiveCfg = Release|Any CPU
		{ECD47E01-AA59-4EBA-AEBB-1916B02C3221}.Release|x86.Build.0 = Release|Any CPU
		{5604D6C4-9F84-4AFD-B564-1120C1AB3CF2}.Debug|Any CPU.ActiveCfg = Debug|Any CPU
		{5604D6C4-9F84-4AFD-B564-1120C1AB3CF2}.Debug|Any CPU.Build.0 = Debug|Any CPU
		{5604D6C4-9F84-4AFD-B564-1120C1AB3CF2}.Debug|x64.ActiveCfg = Debug|Any CPU
		{5604D6C4-9F84-4AFD-B564-1120C1AB3CF2}.Debug|x64.Build.0 = Debug|Any CPU
		{5604D6C4-9F84-4AFD-B564-1120C1AB3CF2}.Debug|x86.ActiveCfg = Debug|Any CPU
		{5604D6C4-9F84-4AFD-B564-1120C1AB3CF2}.Debug|x86.Build.0 = Debug|Any CPU
		{5604D6C4-9F84-4AFD-B564-1120C1AB3CF2}.Release|Any CPU.ActiveCfg = Release|Any CPU
		{5604D6C4-9F84-4AFD-B564-1120C1AB3CF2}.Release|Any CPU.Build.0 = Release|Any CPU
		{5604D6C4-9F84-4AFD-B564-1120C1AB3CF2}.Release|x64.ActiveCfg = Release|Any CPU
		{5604D6C4-9F84-4AFD-B564-1120C1AB3CF2}.Release|x64.Build.0 = Release|Any CPU
		{5604D6C4-9F84-4AFD-B564-1120C1AB3CF2}.Release|x86.ActiveCfg = Release|Any CPU
		{5604D6C4-9F84-4AFD-B564-1120C1AB3CF2}.Release|x86.Build.0 = Release|Any CPU
		{55332ADE-C890-42E2-9527-7BA418362DDD}.Debug|Any CPU.ActiveCfg = Debug|Any CPU
		{55332ADE-C890-42E2-9527-7BA418362DDD}.Debug|Any CPU.Build.0 = Debug|Any CPU
		{55332ADE-C890-42E2-9527-7BA418362DDD}.Debug|x64.ActiveCfg = Debug|Any CPU
		{55332ADE-C890-42E2-9527-7BA418362DDD}.Debug|x64.Build.0 = Debug|Any CPU
		{55332ADE-C890-42E2-9527-7BA418362DDD}.Debug|x86.ActiveCfg = Debug|Any CPU
		{55332ADE-C890-42E2-9527-7BA418362DDD}.Debug|x86.Build.0 = Debug|Any CPU
		{55332ADE-C890-42E2-9527-7BA418362DDD}.Release|Any CPU.ActiveCfg = Release|Any CPU
		{55332ADE-C890-42E2-9527-7BA418362DDD}.Release|Any CPU.Build.0 = Release|Any CPU
		{55332ADE-C890-42E2-9527-7BA418362DDD}.Release|x64.ActiveCfg = Release|Any CPU
		{55332ADE-C890-42E2-9527-7BA418362DDD}.Release|x64.Build.0 = Release|Any CPU
		{55332ADE-C890-42E2-9527-7BA418362DDD}.Release|x86.ActiveCfg = Release|Any CPU
		{55332ADE-C890-42E2-9527-7BA418362DDD}.Release|x86.Build.0 = Release|Any CPU
		{FA30FE19-97D1-4E84-A37B-C9D3C2B15DCC}.Debug|Any CPU.ActiveCfg = Debug|Any CPU
		{FA30FE19-97D1-4E84-A37B-C9D3C2B15DCC}.Debug|Any CPU.Build.0 = Debug|Any CPU
		{FA30FE19-97D1-4E84-A37B-C9D3C2B15DCC}.Debug|x64.ActiveCfg = Debug|Any CPU
		{FA30FE19-97D1-4E84-A37B-C9D3C2B15DCC}.Debug|x64.Build.0 = Debug|Any CPU
		{FA30FE19-97D1-4E84-A37B-C9D3C2B15DCC}.Debug|x86.ActiveCfg = Debug|Any CPU
		{FA30FE19-97D1-4E84-A37B-C9D3C2B15DCC}.Debug|x86.Build.0 = Debug|Any CPU
		{FA30FE19-97D1-4E84-A37B-C9D3C2B15DCC}.Release|Any CPU.ActiveCfg = Release|Any CPU
		{FA30FE19-97D1-4E84-A37B-C9D3C2B15DCC}.Release|Any CPU.Build.0 = Release|Any CPU
		{FA30FE19-97D1-4E84-A37B-C9D3C2B15DCC}.Release|x64.ActiveCfg = Release|Any CPU
		{FA30FE19-97D1-4E84-A37B-C9D3C2B15DCC}.Release|x64.Build.0 = Release|Any CPU
		{FA30FE19-97D1-4E84-A37B-C9D3C2B15DCC}.Release|x86.ActiveCfg = Release|Any CPU
		{FA30FE19-97D1-4E84-A37B-C9D3C2B15DCC}.Release|x86.Build.0 = Release|Any CPU
		{980A2E76-EC97-4A68-A388-830C1ED1F914}.Debug|Any CPU.ActiveCfg = Debug|Any CPU
		{980A2E76-EC97-4A68-A388-830C1ED1F914}.Debug|Any CPU.Build.0 = Debug|Any CPU
		{980A2E76-EC97-4A68-A388-830C1ED1F914}.Debug|x64.ActiveCfg = Debug|Any CPU
		{980A2E76-EC97-4A68-A388-830C1ED1F914}.Debug|x64.Build.0 = Debug|Any CPU
		{980A2E76-EC97-4A68-A388-830C1ED1F914}.Debug|x86.ActiveCfg = Debug|Any CPU
		{980A2E76-EC97-4A68-A388-830C1ED1F914}.Debug|x86.Build.0 = Debug|Any CPU
		{980A2E76-EC97-4A68-A388-830C1ED1F914}.Release|Any CPU.ActiveCfg = Release|Any CPU
		{980A2E76-EC97-4A68-A388-830C1ED1F914}.Release|Any CPU.Build.0 = Release|Any CPU
		{980A2E76-EC97-4A68-A388-830C1ED1F914}.Release|x64.ActiveCfg = Release|Any CPU
		{980A2E76-EC97-4A68-A388-830C1ED1F914}.Release|x64.Build.0 = Release|Any CPU
		{980A2E76-EC97-4A68-A388-830C1ED1F914}.Release|x86.ActiveCfg = Release|Any CPU
		{980A2E76-EC97-4A68-A388-830C1ED1F914}.Release|x86.Build.0 = Release|Any CPU
		{5CC75C0E-7862-4717-A1E7-87A13A4C7141}.Debug|Any CPU.ActiveCfg = Debug|Any CPU
		{5CC75C0E-7862-4717-A1E7-87A13A4C7141}.Debug|Any CPU.Build.0 = Debug|Any CPU
		{5CC75C0E-7862-4717-A1E7-87A13A4C7141}.Debug|x64.ActiveCfg = Debug|Any CPU
		{5CC75C0E-7862-4717-A1E7-87A13A4C7141}.Debug|x64.Build.0 = Debug|Any CPU
		{5CC75C0E-7862-4717-A1E7-87A13A4C7141}.Debug|x86.ActiveCfg = Debug|Any CPU
		{5CC75C0E-7862-4717-A1E7-87A13A4C7141}.Debug|x86.Build.0 = Debug|Any CPU
		{5CC75C0E-7862-4717-A1E7-87A13A4C7141}.Release|Any CPU.ActiveCfg = Release|Any CPU
		{5CC75C0E-7862-4717-A1E7-87A13A4C7141}.Release|Any CPU.Build.0 = Release|Any CPU
		{5CC75C0E-7862-4717-A1E7-87A13A4C7141}.Release|x64.ActiveCfg = Release|Any CPU
		{5CC75C0E-7862-4717-A1E7-87A13A4C7141}.Release|x64.Build.0 = Release|Any CPU
		{5CC75C0E-7862-4717-A1E7-87A13A4C7141}.Release|x86.ActiveCfg = Release|Any CPU
		{5CC75C0E-7862-4717-A1E7-87A13A4C7141}.Release|x86.Build.0 = Release|Any CPU
		{4D4DB2B0-F5B1-4FED-94C1-EB3B7020F857}.Debug|Any CPU.ActiveCfg = Debug|Any CPU
		{4D4DB2B0-F5B1-4FED-94C1-EB3B7020F857}.Debug|Any CPU.Build.0 = Debug|Any CPU
		{4D4DB2B0-F5B1-4FED-94C1-EB3B7020F857}.Debug|x64.ActiveCfg = Debug|Any CPU
		{4D4DB2B0-F5B1-4FED-94C1-EB3B7020F857}.Debug|x64.Build.0 = Debug|Any CPU
		{4D4DB2B0-F5B1-4FED-94C1-EB3B7020F857}.Debug|x86.ActiveCfg = Debug|Any CPU
		{4D4DB2B0-F5B1-4FED-94C1-EB3B7020F857}.Debug|x86.Build.0 = Debug|Any CPU
		{4D4DB2B0-F5B1-4FED-94C1-EB3B7020F857}.Release|Any CPU.ActiveCfg = Release|Any CPU
		{4D4DB2B0-F5B1-4FED-94C1-EB3B7020F857}.Release|Any CPU.Build.0 = Release|Any CPU
		{4D4DB2B0-F5B1-4FED-94C1-EB3B7020F857}.Release|x64.ActiveCfg = Release|Any CPU
		{4D4DB2B0-F5B1-4FED-94C1-EB3B7020F857}.Release|x64.Build.0 = Release|Any CPU
		{4D4DB2B0-F5B1-4FED-94C1-EB3B7020F857}.Release|x86.ActiveCfg = Release|Any CPU
		{4D4DB2B0-F5B1-4FED-94C1-EB3B7020F857}.Release|x86.Build.0 = Release|Any CPU
		{62376B62-92EA-456A-A63D-061CD98D3822}.Debug|Any CPU.ActiveCfg = Debug|Any CPU
		{62376B62-92EA-456A-A63D-061CD98D3822}.Debug|Any CPU.Build.0 = Debug|Any CPU
		{62376B62-92EA-456A-A63D-061CD98D3822}.Debug|x64.ActiveCfg = Debug|Any CPU
		{62376B62-92EA-456A-A63D-061CD98D3822}.Debug|x64.Build.0 = Debug|Any CPU
		{62376B62-92EA-456A-A63D-061CD98D3822}.Debug|x86.ActiveCfg = Debug|Any CPU
		{62376B62-92EA-456A-A63D-061CD98D3822}.Debug|x86.Build.0 = Debug|Any CPU
		{62376B62-92EA-456A-A63D-061CD98D3822}.Release|Any CPU.ActiveCfg = Release|Any CPU
		{62376B62-92EA-456A-A63D-061CD98D3822}.Release|Any CPU.Build.0 = Release|Any CPU
		{62376B62-92EA-456A-A63D-061CD98D3822}.Release|x64.ActiveCfg = Release|Any CPU
		{62376B62-92EA-456A-A63D-061CD98D3822}.Release|x64.Build.0 = Release|Any CPU
		{62376B62-92EA-456A-A63D-061CD98D3822}.Release|x86.ActiveCfg = Release|Any CPU
		{62376B62-92EA-456A-A63D-061CD98D3822}.Release|x86.Build.0 = Release|Any CPU
		{355C3342-C8B5-426D-9FBE-B0379CC2EFE9}.Debug|Any CPU.ActiveCfg = Debug|Any CPU
		{355C3342-C8B5-426D-9FBE-B0379CC2EFE9}.Debug|Any CPU.Build.0 = Debug|Any CPU
		{355C3342-C8B5-426D-9FBE-B0379CC2EFE9}.Debug|x64.ActiveCfg = Debug|Any CPU
		{355C3342-C8B5-426D-9FBE-B0379CC2EFE9}.Debug|x64.Build.0 = Debug|Any CPU
		{355C3342-C8B5-426D-9FBE-B0379CC2EFE9}.Debug|x86.ActiveCfg = Debug|Any CPU
		{355C3342-C8B5-426D-9FBE-B0379CC2EFE9}.Debug|x86.Build.0 = Debug|Any CPU
		{355C3342-C8B5-426D-9FBE-B0379CC2EFE9}.Release|Any CPU.ActiveCfg = Release|Any CPU
		{355C3342-C8B5-426D-9FBE-B0379CC2EFE9}.Release|Any CPU.Build.0 = Release|Any CPU
		{355C3342-C8B5-426D-9FBE-B0379CC2EFE9}.Release|x64.ActiveCfg = Release|Any CPU
		{355C3342-C8B5-426D-9FBE-B0379CC2EFE9}.Release|x64.Build.0 = Release|Any CPU
		{355C3342-C8B5-426D-9FBE-B0379CC2EFE9}.Release|x86.ActiveCfg = Release|Any CPU
		{355C3342-C8B5-426D-9FBE-B0379CC2EFE9}.Release|x86.Build.0 = Release|Any CPU
		{9EF4D9CB-1727-4C2D-B1E9-58FBD25ADBEF}.Debug|Any CPU.ActiveCfg = Debug|Any CPU
		{9EF4D9CB-1727-4C2D-B1E9-58FBD25ADBEF}.Debug|Any CPU.Build.0 = Debug|Any CPU
		{9EF4D9CB-1727-4C2D-B1E9-58FBD25ADBEF}.Debug|x64.ActiveCfg = Debug|Any CPU
		{9EF4D9CB-1727-4C2D-B1E9-58FBD25ADBEF}.Debug|x64.Build.0 = Debug|Any CPU
		{9EF4D9CB-1727-4C2D-B1E9-58FBD25ADBEF}.Debug|x86.ActiveCfg = Debug|Any CPU
		{9EF4D9CB-1727-4C2D-B1E9-58FBD25ADBEF}.Debug|x86.Build.0 = Debug|Any CPU
		{9EF4D9CB-1727-4C2D-B1E9-58FBD25ADBEF}.Release|Any CPU.ActiveCfg = Release|Any CPU
		{9EF4D9CB-1727-4C2D-B1E9-58FBD25ADBEF}.Release|Any CPU.Build.0 = Release|Any CPU
		{9EF4D9CB-1727-4C2D-B1E9-58FBD25ADBEF}.Release|x64.ActiveCfg = Release|Any CPU
		{9EF4D9CB-1727-4C2D-B1E9-58FBD25ADBEF}.Release|x64.Build.0 = Release|Any CPU
		{9EF4D9CB-1727-4C2D-B1E9-58FBD25ADBEF}.Release|x86.ActiveCfg = Release|Any CPU
		{9EF4D9CB-1727-4C2D-B1E9-58FBD25ADBEF}.Release|x86.Build.0 = Release|Any CPU
		{33B2F869-8A84-4EEF-8814-80EF78AE6C99}.Debug|Any CPU.ActiveCfg = Debug|Any CPU
		{33B2F869-8A84-4EEF-8814-80EF78AE6C99}.Debug|Any CPU.Build.0 = Debug|Any CPU
		{33B2F869-8A84-4EEF-8814-80EF78AE6C99}.Debug|x64.ActiveCfg = Debug|Any CPU
		{33B2F869-8A84-4EEF-8814-80EF78AE6C99}.Debug|x64.Build.0 = Debug|Any CPU
		{33B2F869-8A84-4EEF-8814-80EF78AE6C99}.Debug|x86.ActiveCfg = Debug|Any CPU
		{33B2F869-8A84-4EEF-8814-80EF78AE6C99}.Debug|x86.Build.0 = Debug|Any CPU
		{33B2F869-8A84-4EEF-8814-80EF78AE6C99}.Release|Any CPU.ActiveCfg = Release|Any CPU
		{33B2F869-8A84-4EEF-8814-80EF78AE6C99}.Release|Any CPU.Build.0 = Release|Any CPU
		{33B2F869-8A84-4EEF-8814-80EF78AE6C99}.Release|x64.ActiveCfg = Release|Any CPU
		{33B2F869-8A84-4EEF-8814-80EF78AE6C99}.Release|x64.Build.0 = Release|Any CPU
		{33B2F869-8A84-4EEF-8814-80EF78AE6C99}.Release|x86.ActiveCfg = Release|Any CPU
		{33B2F869-8A84-4EEF-8814-80EF78AE6C99}.Release|x86.Build.0 = Release|Any CPU
		{8F0147F4-DE76-463D-82A6-9DE2D38D9205}.Debug|Any CPU.ActiveCfg = Debug|Any CPU
		{8F0147F4-DE76-463D-82A6-9DE2D38D9205}.Debug|Any CPU.Build.0 = Debug|Any CPU
		{8F0147F4-DE76-463D-82A6-9DE2D38D9205}.Debug|x64.ActiveCfg = Debug|Any CPU
		{8F0147F4-DE76-463D-82A6-9DE2D38D9205}.Debug|x64.Build.0 = Debug|Any CPU
		{8F0147F4-DE76-463D-82A6-9DE2D38D9205}.Debug|x86.ActiveCfg = Debug|Any CPU
		{8F0147F4-DE76-463D-82A6-9DE2D38D9205}.Debug|x86.Build.0 = Debug|Any CPU
		{8F0147F4-DE76-463D-82A6-9DE2D38D9205}.Release|Any CPU.ActiveCfg = Release|Any CPU
		{8F0147F4-DE76-463D-82A6-9DE2D38D9205}.Release|Any CPU.Build.0 = Release|Any CPU
		{8F0147F4-DE76-463D-82A6-9DE2D38D9205}.Release|x64.ActiveCfg = Release|Any CPU
		{8F0147F4-DE76-463D-82A6-9DE2D38D9205}.Release|x64.Build.0 = Release|Any CPU
		{8F0147F4-DE76-463D-82A6-9DE2D38D9205}.Release|x86.ActiveCfg = Release|Any CPU
		{8F0147F4-DE76-463D-82A6-9DE2D38D9205}.Release|x86.Build.0 = Release|Any CPU
		{B7FCE7CB-1C88-4C61-BE72-1E90CFB68C08}.Debug|Any CPU.ActiveCfg = Debug|Any CPU
		{B7FCE7CB-1C88-4C61-BE72-1E90CFB68C08}.Debug|Any CPU.Build.0 = Debug|Any CPU
		{B7FCE7CB-1C88-4C61-BE72-1E90CFB68C08}.Debug|x64.ActiveCfg = Debug|Any CPU
		{B7FCE7CB-1C88-4C61-BE72-1E90CFB68C08}.Debug|x64.Build.0 = Debug|Any CPU
		{B7FCE7CB-1C88-4C61-BE72-1E90CFB68C08}.Debug|x86.ActiveCfg = Debug|Any CPU
		{B7FCE7CB-1C88-4C61-BE72-1E90CFB68C08}.Debug|x86.Build.0 = Debug|Any CPU
		{B7FCE7CB-1C88-4C61-BE72-1E90CFB68C08}.Release|Any CPU.ActiveCfg = Release|Any CPU
		{B7FCE7CB-1C88-4C61-BE72-1E90CFB68C08}.Release|Any CPU.Build.0 = Release|Any CPU
		{B7FCE7CB-1C88-4C61-BE72-1E90CFB68C08}.Release|x64.ActiveCfg = Release|Any CPU
		{B7FCE7CB-1C88-4C61-BE72-1E90CFB68C08}.Release|x64.Build.0 = Release|Any CPU
		{B7FCE7CB-1C88-4C61-BE72-1E90CFB68C08}.Release|x86.ActiveCfg = Release|Any CPU
		{B7FCE7CB-1C88-4C61-BE72-1E90CFB68C08}.Release|x86.Build.0 = Release|Any CPU
		{68884AF1-4A8C-4FE7-92D6-785439EE822B}.Debug|Any CPU.ActiveCfg = Debug|Any CPU
		{68884AF1-4A8C-4FE7-92D6-785439EE822B}.Debug|Any CPU.Build.0 = Debug|Any CPU
		{68884AF1-4A8C-4FE7-92D6-785439EE822B}.Debug|x64.ActiveCfg = Debug|Any CPU
		{68884AF1-4A8C-4FE7-92D6-785439EE822B}.Debug|x64.Build.0 = Debug|Any CPU
		{68884AF1-4A8C-4FE7-92D6-785439EE822B}.Debug|x86.ActiveCfg = Debug|Any CPU
		{68884AF1-4A8C-4FE7-92D6-785439EE822B}.Debug|x86.Build.0 = Debug|Any CPU
		{68884AF1-4A8C-4FE7-92D6-785439EE822B}.Release|Any CPU.ActiveCfg = Release|Any CPU
		{68884AF1-4A8C-4FE7-92D6-785439EE822B}.Release|Any CPU.Build.0 = Release|Any CPU
		{68884AF1-4A8C-4FE7-92D6-785439EE822B}.Release|x64.ActiveCfg = Release|Any CPU
		{68884AF1-4A8C-4FE7-92D6-785439EE822B}.Release|x64.Build.0 = Release|Any CPU
		{68884AF1-4A8C-4FE7-92D6-785439EE822B}.Release|x86.ActiveCfg = Release|Any CPU
		{68884AF1-4A8C-4FE7-92D6-785439EE822B}.Release|x86.Build.0 = Release|Any CPU
	EndGlobalSection
	GlobalSection(SolutionProperties) = preSolution
		HideSolutionNode = FALSE
	EndGlobalSection
	GlobalSection(NestedProjects) = preSolution
		{D04ACAAB-2648-4081-8CCF-AF2C5E3EE029} = {827E0CD3-B72D-47B6-A68D-7590B98EB39B}
		{2BFA32ED-D019-4F7E-B282-09932C67CEE7} = {827E0CD3-B72D-47B6-A68D-7590B98EB39B}
		{AB404EB2-E055-4F7B-A1C1-9E3D6A839CF7} = {827E0CD3-B72D-47B6-A68D-7590B98EB39B}
		{E0B72FA9-A47A-4B10-BCE8-A5FE1E1B6968} = {827E0CD3-B72D-47B6-A68D-7590B98EB39B}
		{EB5A1681-A357-419A-A2BB-BDFBFD5914A5} = {827E0CD3-B72D-47B6-A68D-7590B98EB39B}
		{418D8F0F-335A-445C-81F6-2EDE2B1BCAA5} = {827E0CD3-B72D-47B6-A68D-7590B98EB39B}
		{DFA82ED2-F018-49E6-BB6F-2131FBDBD70D} = {827E0CD3-B72D-47B6-A68D-7590B98EB39B}
		{84F1A092-B7BB-476B-92BA-ABC8E72A42D2} = {0AB3BF05-4346-4AA6-1389-037BE0695223}
		{AC032ABC-FCBF-4764-BD8D-B01F8A4D6A12} = {0AB3BF05-4346-4AA6-1389-037BE0695223}
		{D990B76A-9DAD-4AC5-95EB-DBE032B87F26} = {0AB3BF05-4346-4AA6-1389-037BE0695223}
		{D1754A30-BBA7-4C3F-9772-0B0E4CCF7862} = {0AB3BF05-4346-4AA6-1389-037BE0695223}
		{5AF4B320-3FBB-4402-951D-931140B52C57} = {0AB3BF05-4346-4AA6-1389-037BE0695223}
		{F73961BC-B020-A6F1-C6CE-2AEC3C2E1C42} = {F2449EEB-34C2-5066-4CF2-1D070AA8744C}
		{5834A941-0016-4E15-BF44-C640A6E29337} = {F73961BC-B020-A6F1-C6CE-2AEC3C2E1C42}
		{89AEF883-9DD0-42E5-B744-B6AD805986AC} = {827E0CD3-B72D-47B6-A68D-7590B98EB39B}
		{970AC0AD-EA8F-45FD-9DC7-3029C7C1B067} = {827E0CD3-B72D-47B6-A68D-7590B98EB39B}
		{5A7B130D-AFBA-48AF-9DD9-775A69CD9CDF} = {0AB3BF05-4346-4AA6-1389-037BE0695223}
		{D4251F96-F6DF-446C-BCDE-AE54E90F6B1E} = {827E0CD3-B72D-47B6-A68D-7590B98EB39B}
		{ECD47E01-AA59-4EBA-AEBB-1916B02C3221} = {0AB3BF05-4346-4AA6-1389-037BE0695223}
		{5604D6C4-9F84-4AFD-B564-1120C1AB3CF2} = {827E0CD3-B72D-47B6-A68D-7590B98EB39B}
		{55332ADE-C890-42E2-9527-7BA418362DDD} = {0AB3BF05-4346-4AA6-1389-037BE0695223}
		{FA30FE19-97D1-4E84-A37B-C9D3C2B15DCC} = {827E0CD3-B72D-47B6-A68D-7590B98EB39B}
		{980A2E76-EC97-4A68-A388-830C1ED1F914} = {0AB3BF05-4346-4AA6-1389-037BE0695223}
		{5CC75C0E-7862-4717-A1E7-87A13A4C7141} = {827E0CD3-B72D-47B6-A68D-7590B98EB39B}
		{4D4DB2B0-F5B1-4FED-94C1-EB3B7020F857} = {0AB3BF05-4346-4AA6-1389-037BE0695223}
		{62376B62-92EA-456A-A63D-061CD98D3822} = {827E0CD3-B72D-47B6-A68D-7590B98EB39B}
		{355C3342-C8B5-426D-9FBE-B0379CC2EFE9} = {0AB3BF05-4346-4AA6-1389-037BE0695223}
		{9EF4D9CB-1727-4C2D-B1E9-58FBD25ADBEF} = {827E0CD3-B72D-47B6-A68D-7590B98EB39B}
		{33B2F869-8A84-4EEF-8814-80EF78AE6C99} = {0AB3BF05-4346-4AA6-1389-037BE0695223}
		{8F0147F4-DE76-463D-82A6-9DE2D38D9205} = {827E0CD3-B72D-47B6-A68D-7590B98EB39B}
		{B7FCE7CB-1C88-4C61-BE72-1E90CFB68C08} = {0AB3BF05-4346-4AA6-1389-037BE0695223}
		{68884AF1-4A8C-4FE7-92D6-785439EE822B} = {0AB3BF05-4346-4AA6-1389-037BE0695223}
	EndGlobalSection
EndGlobal
